{
  "lockfileVersion": 1,
  "workspaces": {
    "": {
      "name": "oath-bound",
      "devDependencies": {
        "oathbound": "^0.17.0",
      },
    },
  },
  "trustedDependencies": [
    "oathbound",
  ],
  "packages": {
    "oathbound": ["oathbound@0.17.0", "", { "bin": { "oathbound": "dist/cli.cjs" } }, "sha512-24e/JOks/Km90WZuJKCrqZViF3m6af6LIKkUgWN4Bncay6hyDHHFVgZC5CoduS6nrmawMNCF0E6xKZMvB61Jzw=="],
  }
}
